
Microsoft Visual Studio Solution File, Format Version 12.00
# Visual Studio 2012
Project("{FAE04EC0-301F-11D3-BF4B-00C04F79EFBC}") = "WearShorts", "WearShorts.csproj", "{937D5249-5427-4030-9B21-E9026786CE55}"
EndProject
Global
	GlobalSection(SolutionConfigurationPlatforms) = preSolution
		Debug|iPhoneSimulator = Debug|iPhoneSimulator
		Release|iPhone = Release|iPhone
		Release|iPhoneSimulator = Release|iPhoneSimulator
		Debug|iPhone = Debug|iPhone
	EndGlobalSection
	GlobalSection(ProjectConfigurationPlatforms) = postSolution
		{937D5249-5427-4030-9B21-E9026786CE55}.Debug|iPhoneSimulator.ActiveCfg = Debug|iPhoneSimulator
		{937D5249-5427-4030-9B21-E9026786CE55}.Debug|iPhoneSimulator.Build.0 = Debug|iPhoneSimulator
		{937D5249-5427-4030-9B21-E9026786CE55}.Release|iPhone.ActiveCfg = Release|iPhone
		{937D5249-5427-4030-9B21-E9026786CE55}.Release|iPhone.Build.0 = Release|iPhone
		{937D5249-5427-4030-9B21-E9026786CE55}.Release|iPhoneSimulator.ActiveCfg = Release|iPhoneSimulator
		{937D5249-5427-4030-9B21-E9026786CE55}.Release|iPhoneSimulator.Build.0 = Release|iPhoneSimulator
		{937D5249-5427-4030-9B21-E9026786CE55}.Debug|iPhone.ActiveCfg = Debug|iPhone
		{937D5249-5427-4030-9B21-E9026786CE55}.Debug|iPhone.Build.0 = Debug|iPhone
	EndGlobalSection
EndGlobal
